
Microsoft Visual Studio Solution File, Format Version 12.00
# Visual Studio Version 16
VisualStudioVersion = 16.0.810.20
MinimumVisualStudioVersion = 10.0.40219.1
Project("{FAE04EC0-301F-11D3-BF4B-00C04F79EFBC}") = "WebApiCadastroCurso", "WebApiCadastroCurso.csproj", "{426E030A-94A0-409A-B5D8-C0F62442200F}"
EndProject
Global
	GlobalSection(SolutionConfigurationPlatforms) = preSolution
		Debug|Any CPU = Debug|Any CPU
		Release|Any CPU = Release|Any CPU
	EndGlobalSection
	GlobalSection(ProjectConfigurationPlatforms) = postSolution
		{426E030A-94A0-409A-B5D8-C0F62442200F}.Debug|Any CPU.ActiveCfg = Debug|Any CPU
		{426E030A-94A0-409A-B5D8-C0F62442200F}.Debug|Any CPU.Build.0 = Debug|Any CPU
		{426E030A-94A0-409A-B5D8-C0F62442200F}.Release|Any CPU.ActiveCfg = Release|Any CPU
		{426E030A-94A0-409A-B5D8-C0F62442200F}.Release|Any CPU.Build.0 = Release|Any CPU
	EndGlobalSection
	GlobalSection(SolutionProperties) = preSolution
		HideSolutionNode = FALSE
	EndGlobalSection
	GlobalSection(ExtensibilityGlobals) = postSolution
		SolutionGuid = {CAD62977-FE94-4AF2-B4BA-3664150D43C4}
	EndGlobalSection
EndGlobal
